
Microsoft Visual Studio Solution File, Format Version 12.00
# Visual Studio Version 17
VisualStudioVersion = 17.3.32811.315
MinimumVisualStudioVersion = 10.0.40219.1
Project("{9A19103F-16F7-4668-BE54-9A1E7A4F7556}") = "ZooLab", "src\ZooLab\ZooLab.csproj", "{35653F0D-FA65-4B45-B7C6-A8F1CDCD6139}"
EndProject
Project("{9A19103F-16F7-4668-BE54-9A1E7A4F7556}") = "ZooLab.Tests", "tests\ZooLab.Tests\ZooLab.Tests.csproj", "{91D69C1D-9E0F-4F20-9B6C-B47EA9B7207C}"
EndProject
Project("{2150E333-8FDC-42A3-9474-1A3956D46DE8}") = "src", "src", "{F32EC90E-F74B-44EF-BB6D-72990BDC3163}"
EndProject
Project("{2150E333-8FDC-42A3-9474-1A3956D46DE8}") = "tests", "tests", "{16FDA9D7-972D-4477-BD4E-C4C502809377}"
EndProject
Project("{9A19103F-16F7-4668-BE54-9A1E7A4F7556}") = "ZooLab.App", "ZooLab.App\ZooLab.App.csproj", "{3EB8EE6F-BC0F-482D-8F0D-2B7535AC4D09}"
EndProject
Project("{2150E333-8FDC-42A3-9474-1A3956D46DE8}") = "app", "app", "{DA82F16B-F1BC-4469-847C-16DE76B507DC}"
EndProject
Project("{9A19103F-16F7-4668-BE54-9A1E7A4F7556}") = "ZooLab.App.Tests", "ZooLab.App.Tests\ZooLab.App.Tests.csproj", "{041B8D23-AC2B-430B-90A6-4A6A7A701EE5}"
EndProject
Global
	GlobalSection(SolutionConfigurationPlatforms) = preSolution
		Debug|Any CPU = Debug|Any CPU
		Release|Any CPU = Release|Any CPU
	EndGlobalSection
	GlobalSection(ProjectConfigurationPlatforms) = postSolution
		{35653F0D-FA65-4B45-B7C6-A8F1CDCD6139}.Debug|Any CPU.ActiveCfg = Debug|Any CPU
		{35653F0D-FA65-4B45-B7C6-A8F1CDCD6139}.Debug|Any CPU.Build.0 = Debug|Any CPU
		{35653F0D-FA65-4B45-B7C6-A8F1CDCD6139}.Release|Any CPU.ActiveCfg = Release|Any CPU
		{35653F0D-FA65-4B45-B7C6-A8F1CDCD6139}.Release|Any CPU.Build.0 = Release|Any CPU
		{91D69C1D-9E0F-4F20-9B6C-B47EA9B7207C}.Debug|Any CPU.ActiveCfg = Debug|Any CPU
		{91D69C1D-9E0F-4F20-9B6C-B47EA9B7207C}.Debug|Any CPU.Build.0 = Debug|Any CPU
		{91D69C1D-9E0F-4F20-9B6C-B47EA9B7207C}.Release|Any CPU.ActiveCfg = Release|Any CPU
		{91D69C1D-9E0F-4F20-9B6C-B47EA9B7207C}.Release|Any CPU.Build.0 = Release|Any CPU
		{3EB8EE6F-BC0F-482D-8F0D-2B7535AC4D09}.Debug|Any CPU.ActiveCfg = Debug|Any CPU
		{3EB8EE6F-BC0F-482D-8F0D-2B7535AC4D09}.Debug|Any CPU.Build.0 = Debug|Any CPU
		{3EB8EE6F-BC0F-482D-8F0D-2B7535AC4D09}.Release|Any CPU.ActiveCfg = Release|Any CPU
		{3EB8EE6F-BC0F-482D-8F0D-2B7535AC4D09}.Release|Any CPU.Build.0 = Release|Any CPU
		{041B8D23-AC2B-430B-90A6-4A6A7A701EE5}.Debug|Any CPU.ActiveCfg = Debug|Any CPU
		{041B8D23-AC2B-430B-90A6-4A6A7A701EE5}.Debug|Any CPU.Build.0 = Debug|Any CPU
		{041B8D23-AC2B-430B-90A6-4A6A7A701EE5}.Release|Any CPU.ActiveCfg = Release|Any CPU
		{041B8D23-AC2B-430B-90A6-4A6A7A701EE5}.Release|Any CPU.Build.0 = Release|Any CPU
	EndGlobalSection
	GlobalSection(SolutionProperties) = preSolution
		HideSolutionNode = FALSE
	EndGlobalSection
	GlobalSection(NestedProjects) = preSolution
		{35653F0D-FA65-4B45-B7C6-A8F1CDCD6139} = {F32EC90E-F74B-44EF-BB6D-72990BDC3163}
		{91D69C1D-9E0F-4F20-9B6C-B47EA9B7207C} = {16FDA9D7-972D-4477-BD4E-C4C502809377}
		{3EB8EE6F-BC0F-482D-8F0D-2B7535AC4D09} = {DA82F16B-F1BC-4469-847C-16DE76B507DC}
		{041B8D23-AC2B-430B-90A6-4A6A7A701EE5} = {DA82F16B-F1BC-4469-847C-16DE76B507DC}
	EndGlobalSection
	GlobalSection(ExtensibilityGlobals) = postSolution
		SolutionGuid = {13F77C61-FA01-4F87-BBBF-0A8FDCAB4C32}
	EndGlobalSection
EndGlobal
