
Microsoft Visual Studio Solution File, Format Version 12.00
# Visual Studio Version 17
VisualStudioVersion = 17.3.32811.315
MinimumVisualStudioVersion = 10.0.40219.1
Project("{FAE04EC0-301F-11D3-BF4B-00C04F79EFBC}") = "ZooLab", "src\ZooLab\ZooLab.csproj", "{35653F0D-FA65-4B45-B7C6-A8F1CDCD6139}"
EndProject
Project("{FAE04EC0-301F-11D3-BF4B-00C04F79EFBC}") = "ZooLab.Tests", "tests\ZooLab.Tests\ZooLab.Tests.csproj", "{91D69C1D-9E0F-4F20-9B6C-B47EA9B7207C}"
EndProject
Global
	GlobalSection(SolutionConfigurationPlatforms) = preSolution
		Debug|Any CPU = Debug|Any CPU
		Release|Any CPU = Release|Any CPU
	EndGlobalSection
	GlobalSection(ProjectConfigurationPlatforms) = postSolution
		{35653F0D-FA65-4B45-B7C6-A8F1CDCD6139}.Debug|Any CPU.ActiveCfg = Debug|Any CPU
		{35653F0D-FA65-4B45-B7C6-A8F1CDCD6139}.Debug|Any CPU.Build.0 = Debug|Any CPU
		{35653F0D-FA65-4B45-B7C6-A8F1CDCD6139}.Release|Any CPU.ActiveCfg = Release|Any CPU
		{35653F0D-FA65-4B45-B7C6-A8F1CDCD6139}.Release|Any CPU.Build.0 = Release|Any CPU
		{91D69C1D-9E0F-4F20-9B6C-B47EA9B7207C}.Debug|Any CPU.ActiveCfg = Debug|Any CPU
		{91D69C1D-9E0F-4F20-9B6C-B47EA9B7207C}.Debug|Any CPU.Build.0 = Debug|Any CPU
		{91D69C1D-9E0F-4F20-9B6C-B47EA9B7207C}.Release|Any CPU.ActiveCfg = Release|Any CPU
		{91D69C1D-9E0F-4F20-9B6C-B47EA9B7207C}.Release|Any CPU.Build.0 = Release|Any CPU
	EndGlobalSection
	GlobalSection(SolutionProperties) = preSolution
		HideSolutionNode = FALSE
	EndGlobalSection
	GlobalSection(ExtensibilityGlobals) = postSolution
		SolutionGuid = {13F77C61-FA01-4F87-BBBF-0A8FDCAB4C32}
	EndGlobalSection
EndGlobal
